
Microsoft Visual Studio Solution File, Format Version 12.00
# Visual Studio Version 17
VisualStudioVersion = 17.13.35931.197 d17.13
MinimumVisualStudioVersion = 10.0.40219.1
Project("{FAE04EC0-301F-11D3-BF4B-00C04F79EFBC}") = "26-DynamicPropertiesViewModel", "26-DynamicPropertiesViewModel.csproj", "{5D8830E4-1DED-405E-B963-80541D239905}"
EndProject
Global
	GlobalSection(SolutionConfigurationPlatforms) = preSolution
		Debug|Any CPU = Debug|Any CPU
		Release|Any CPU = Release|Any CPU
	EndGlobalSection
	GlobalSection(ProjectConfigurationPlatforms) = postSolution
		{5D8830E4-1DED-405E-B963-80541D239905}.Debug|Any CPU.ActiveCfg = Debug|Any CPU
		{5D8830E4-1DED-405E-B963-80541D239905}.Debug|Any CPU.Build.0 = Debug|Any CPU
		{5D8830E4-1DED-405E-B963-80541D239905}.Release|Any CPU.ActiveCfg = Release|Any CPU
		{5D8830E4-1DED-405E-B963-80541D239905}.Release|Any CPU.Build.0 = Release|Any CPU
	EndGlobalSection
	GlobalSection(SolutionProperties) = preSolution
		HideSolutionNode = FALSE
	EndGlobalSection
	GlobalSection(ExtensibilityGlobals) = postSolution
		SolutionGuid = {73F940B7-1157-41F6-9D6C-8B5BE297F260}
	EndGlobalSection
EndGlobal
