
Microsoft Visual Studio Solution File, Format Version 12.00
# Visual Studio Version 17
VisualStudioVersion = 17.13.35931.197 d17.13
MinimumVisualStudioVersion = 10.0.40219.1
Project("{FAE04EC0-301F-11D3-BF4B-00C04F79EFBC}") = "25-MVC Intro", "25-MVC Intro.csproj", "{909E0B5E-60A4-4EF2-8E66-60F8C3E7D0A0}"
EndProject
Global
	GlobalSection(SolutionConfigurationPlatforms) = preSolution
		Debug|Any CPU = Debug|Any CPU
		Release|Any CPU = Release|Any CPU
	EndGlobalSection
	GlobalSection(ProjectConfigurationPlatforms) = postSolution
		{909E0B5E-60A4-4EF2-8E66-60F8C3E7D0A0}.Debug|Any CPU.ActiveCfg = Debug|Any CPU
		{909E0B5E-60A4-4EF2-8E66-60F8C3E7D0A0}.Debug|Any CPU.Build.0 = Debug|Any CPU
		{909E0B5E-60A4-4EF2-8E66-60F8C3E7D0A0}.Release|Any CPU.ActiveCfg = Release|Any CPU
		{909E0B5E-60A4-4EF2-8E66-60F8C3E7D0A0}.Release|Any CPU.Build.0 = Release|Any CPU
	EndGlobalSection
	GlobalSection(SolutionProperties) = preSolution
		HideSolutionNode = FALSE
	EndGlobalSection
	GlobalSection(ExtensibilityGlobals) = postSolution
		SolutionGuid = {8AAF25FD-C494-4A71-AFA7-8C91C1BD6F13}
	EndGlobalSection
EndGlobal
