
Microsoft Visual Studio Solution File, Format Version 12.00
# Visual Studio Version 17
VisualStudioVersion = 17.13.35931.197 d17.13
MinimumVisualStudioVersion = 10.0.40219.1
Project("{FAE04EC0-301F-11D3-BF4B-00C04F79EFBC}") = "10-GenericTypesCollections", "10-GenericTypesCollections.csproj", "{DA750F48-2169-4FD2-AEAD-352056695D89}"
EndProject
Global
	GlobalSection(SolutionConfigurationPlatforms) = preSolution
		Debug|Any CPU = Debug|Any CPU
		Release|Any CPU = Release|Any CPU
	EndGlobalSection
	GlobalSection(ProjectConfigurationPlatforms) = postSolution
		{DA750F48-2169-4FD2-AEAD-352056695D89}.Debug|Any CPU.ActiveCfg = Debug|Any CPU
		{DA750F48-2169-4FD2-AEAD-352056695D89}.Debug|Any CPU.Build.0 = Debug|Any CPU
		{DA750F48-2169-4FD2-AEAD-352056695D89}.Release|Any CPU.ActiveCfg = Release|Any CPU
		{DA750F48-2169-4FD2-AEAD-352056695D89}.Release|Any CPU.Build.0 = Release|Any CPU
	EndGlobalSection
	GlobalSection(SolutionProperties) = preSolution
		HideSolutionNode = FALSE
	EndGlobalSection
	GlobalSection(ExtensibilityGlobals) = postSolution
		SolutionGuid = {04739DF9-6549-4607-A3EA-8CCF0D591BFB}
	EndGlobalSection
EndGlobal
