
Microsoft Visual Studio Solution File, Format Version 12.00
# Visual Studio Version 17
VisualStudioVersion = 17.13.35931.197 d17.13
MinimumVisualStudioVersion = 10.0.40219.1
Project("{FAE04EC0-301F-11D3-BF4B-00C04F79EFBC}") = "06-InterfaceAbstraction", "06-InterfaceAbstraction.csproj", "{013F0F45-D54A-4989-8059-E9D29CAB7A0F}"
EndProject
Global
	GlobalSection(SolutionConfigurationPlatforms) = preSolution
		Debug|Any CPU = Debug|Any CPU
		Release|Any CPU = Release|Any CPU
	EndGlobalSection
	GlobalSection(ProjectConfigurationPlatforms) = postSolution
		{013F0F45-D54A-4989-8059-E9D29CAB7A0F}.Debug|Any CPU.ActiveCfg = Debug|Any CPU
		{013F0F45-D54A-4989-8059-E9D29CAB7A0F}.Debug|Any CPU.Build.0 = Debug|Any CPU
		{013F0F45-D54A-4989-8059-E9D29CAB7A0F}.Release|Any CPU.ActiveCfg = Release|Any CPU
		{013F0F45-D54A-4989-8059-E9D29CAB7A0F}.Release|Any CPU.Build.0 = Release|Any CPU
	EndGlobalSection
	GlobalSection(SolutionProperties) = preSolution
		HideSolutionNode = FALSE
	EndGlobalSection
	GlobalSection(ExtensibilityGlobals) = postSolution
		SolutionGuid = {EB6731AF-70A4-4CCD-8C18-889D5F008129}
	EndGlobalSection
EndGlobal
