
Microsoft Visual Studio Solution File, Format Version 12.00
# Visual Studio Version 17
VisualStudioVersion = 17.13.35931.197 d17.13
MinimumVisualStudioVersion = 10.0.40219.1
Project("{FAE04EC0-301F-11D3-BF4B-00C04F79EFBC}") = "03-ObjectClassConstructorInheritanceThisvsBase", "03-ObjectClassConstructorInheritanceThisvsBase.csproj", "{6EDA7396-E956-42FA-A301-98BDAB69A245}"
EndProject
Global
	GlobalSection(SolutionConfigurationPlatforms) = preSolution
		Debug|Any CPU = Debug|Any CPU
		Release|Any CPU = Release|Any CPU
	EndGlobalSection
	GlobalSection(ProjectConfigurationPlatforms) = postSolution
		{6EDA7396-E956-42FA-A301-98BDAB69A245}.Debug|Any CPU.ActiveCfg = Debug|Any CPU
		{6EDA7396-E956-42FA-A301-98BDAB69A245}.Debug|Any CPU.Build.0 = Debug|Any CPU
		{6EDA7396-E956-42FA-A301-98BDAB69A245}.Release|Any CPU.ActiveCfg = Release|Any CPU
		{6EDA7396-E956-42FA-A301-98BDAB69A245}.Release|Any CPU.Build.0 = Release|Any CPU
	EndGlobalSection
	GlobalSection(SolutionProperties) = preSolution
		HideSolutionNode = FALSE
	EndGlobalSection
	GlobalSection(ExtensibilityGlobals) = postSolution
		SolutionGuid = {4099C8D4-AC9B-422E-9CDA-6ADA48E17D79}
	EndGlobalSection
EndGlobal
